Microsoft Visual Studio Solution File, Format Version 12.00
# Visual Studio Version 17
VisualStudioVersion = 17.4.33115.131
MinimumVisualStudioVersion = 10.0.40219.1
Project("{FAE04EC0-301F-11D3-BF4B-00C04F79EFBC}") = "InvestmentPanelAPI.API", "src\\InvestmentPanelAPI.API\\InvestmentPanelAPI.API.csproj", "{67e1d52f-af27-4fe8-942b-9dd4d5651f9c}"
EndProject
Project("{FAE04EC0-301F-11D3-BF4B-00C04F79EFBC}") = "InvestmentPanelAPI.Domain", "src\\InvestmentPanelAPI.Domain\\InvestmentPanelAPI.Domain.csproj", "{4a2e3d3c-e28a-4bc1-9bdd-7f4125b5e4f2}"
EndProject
Project("{FAE04EC0-301F-11D3-BF4B-00C04F79EFBC}") = "InvestmentPanelAPI.Application", "src\\InvestmentPanelAPI.Application\\InvestmentPanelAPI.Application.csproj", "{2ee5b5a0-72af-4eb8-adf3-bbbeaaf737e2}"
EndProject
Project("{FAE04EC0-301F-11D3-BF4B-00C04F79EFBC}") = "InvestmentPanelAPI.Infrastructure", "src\\InvestmentPanelAPI.Infrastructure\\InvestmentPanelAPI.Infrastructure.csproj", "{0f9dbbc8-474a-4d61-9e41-467d6167f1ff}"
EndProject
Project("{FAE04EC0-301F-11D3-BF4B-00C04F79EFBC}") = "InvestmentPanelAPI.Tests.Unit", "tests\\InvestmentPanelAPI.Tests.Unit\\InvestmentPanelAPI.Tests.Unit.csproj", "{291c5a03-fbbf-4a76-b6f0-610839202088}"
EndProject
Project("{FAE04EC0-301F-11D3-BF4B-00C04F79EFBC}") = "InvestmentPanelAPI.Tests.Integration", "tests\\InvestmentPanelAPI.Tests.Integration\\InvestmentPanelAPI.Tests.Integration.csproj", "{785d4a22-e0bb-4e50-9eae-b3294bbb86ee}"
EndProject
Global
	GlobalSection(SolutionConfigurationPlatforms) = preSolution
		Debug|Any CPU = Debug|Any CPU
		Release|Any CPU = Release|Any CPU
	EndGlobalSection
	GlobalSection(ProjectConfigurationPlatforms) = preSolution
		{67e1d52f-af27-4fe8-942b-9dd4d5651f9c}.Debug|Any CPU.ActiveCfg = Debug|Any CPU
		{67e1d52f-af27-4fe8-942b-9dd4d5651f9c}.Debug|Any CPU.Build.0 = Debug|Any CPU
		{67e1d52f-af27-4fe8-942b-9dd4d5651f9c}.Release|Any CPU.ActiveCfg = Release|Any CPU
		{67e1d52f-af27-4fe8-942b-9dd4d5651f9c}.Release|Any CPU.Build.0 = Release|Any CPU
		{4a2e3d3c-e28a-4bc1-9bdd-7f4125b5e4f2}.Debug|Any CPU.ActiveCfg = Debug|Any CPU
		{4a2e3d3c-e28a-4bc1-9bdd-7f4125b5e4f2}.Debug|Any CPU.Build.0 = Debug|Any CPU
		{4a2e3d3c-e28a-4bc1-9bdd-7f4125b5e4f2}.Release|Any CPU.ActiveCfg = Release|Any CPU
		{4a2e3d3c-e28a-4bc1-9bdd-7f4125b5e4f2}.Release|Any CPU.Build.0 = Release|Any CPU
		{2ee5b5a0-72af-4eb8-adf3-bbbeaaf737e2}.Debug|Any CPU.ActiveCfg = Debug|Any CPU
		{2ee5b5a0-72af-4eb8-adf3-bbbeaaf737e2}.Debug|Any CPU.Build.0 = Debug|Any CPU
		{2ee5b5a0-72af-4eb8-adf3-bbbeaaf737e2}.Release|Any CPU.ActiveCfg = Release|Any CPU
		{2ee5b5a0-72af-4eb8-adf3-bbbeaaf737e2}.Release|Any CPU.Build.0 = Release|Any CPU
		{0f9dbbc8-474a-4d61-9e41-467d6167f1ff}.Debug|Any CPU.ActiveCfg = Debug|Any CPU
		{0f9dbbc8-474a-4d61-9e41-467d6167f1ff}.Debug|Any CPU.Build.0 = Debug|Any CPU
		{0f9dbbc8-474a-4d61-9e41-467d6167f1ff}.Release|Any CPU.ActiveCfg = Release|Any CPU
		{0f9dbbc8-474a-4d61-9e41-467d6167f1ff}.Release|Any CPU.Build.0 = Release|Any CPU
		{291c5a03-fbbf-4a76-b6f0-610839202088}.Debug|Any CPU.ActiveCfg = Debug|Any CPU
		{291c5a03-fbbf-4a76-b6f0-610839202088}.Debug|Any CPU.Build.0 = Debug|Any CPU
		{291c5a03-fbbf-4a76-b6f0-610839202088}.Release|Any CPU.ActiveCfg = Release|Any CPU
		{291c5a03-fbbf-4a76-b6f0-610839202088}.Release|Any CPU.Build.0 = Release|Any CPU
		{785d4a22-e0bb-4e50-9eae-b3294bbb86ee}.Debug|Any CPU.ActiveCfg = Debug|Any CPU
		{785d4a22-e0bb-4e50-9eae-b3294bbb86ee}.Debug|Any CPU.Build.0 = Debug|Any CPU
		{785d4a22-e0bb-4e50-9eae-b3294bbb86ee}.Release|Any CPU.ActiveCfg = Release|Any CPU
		{785d4a22-e0bb-4e50-9eae-b3294bbb86ee}.Release|Any CPU.Build.0 = Release|Any CPU
	EndGlobalSection
EndGlobal